
Microsoft Visual Studio Solution File, Format Version 12.00
# Visual Studio Version 16
VisualStudioVersion = 16.0.33423.256
MinimumVisualStudioVersion = 10.0.40219.1
Project("{FAE04EC0-301F-11D3-BF4B-00C04F79EFBC}") = "hack_pentagon", "hack_pentagon\hack_pentagon.csproj", "{31EDC2FC-BE98-4A86-A6FC-32611C9A7692}"
EndProject
Global
	GlobalSection(SolutionConfigurationPlatforms) = preSolution
		Debug|Any CPU = Debug|Any CPU
		Release|Any CPU = Release|Any CPU
	EndGlobalSection
	GlobalSection(ProjectConfigurationPlatforms) = postSolution
		{31EDC2FC-BE98-4A86-A6FC-32611C9A7692}.Debug|Any CPU.ActiveCfg = Debug|Any CPU
		{31EDC2FC-BE98-4A86-A6FC-32611C9A7692}.Debug|Any CPU.Build.0 = Debug|Any CPU
		{31EDC2FC-BE98-4A86-A6FC-32611C9A7692}.Release|Any CPU.ActiveCfg = Release|Any CPU
		{31EDC2FC-BE98-4A86-A6FC-32611C9A7692}.Release|Any CPU.Build.0 = Release|Any CPU
	EndGlobalSection
	GlobalSection(SolutionProperties) = preSolution
		HideSolutionNode = FALSE
	EndGlobalSection
	GlobalSection(ExtensibilityGlobals) = postSolution
		SolutionGuid = {6E61B0B4-A7ED-46FC-ABAD-90D526F8599A}
	EndGlobalSection
EndGlobal
